Microsoft Visual Studio Solution File, Format Version 12.00
# Visual Studio Version 17
VisualStudioVersion = 17.5.2.0
MinimumVisualStudioVersion = 10.0.40219.1
Project("{FAE04EC0-301F-11D3-BF4B-00C04F79EFBC}") = "mini-game", "mini-game.csproj", "{C7C1B65C-1F52-310F-7189-F23844B18C1D}"
EndProject
Global
	GlobalSection(SolutionConfigurationPlatforms) = preSolution
		Debug|Any CPU = Debug|Any CPU
		Release|Any CPU = Release|Any CPU
	EndGlobalSection
	GlobalSection(ProjectConfigurationPlatforms) = postSolution
		{C7C1B65C-1F52-310F-7189-F23844B18C1D}.Debug|Any CPU.ActiveCfg = Debug|Any CPU
		{C7C1B65C-1F52-310F-7189-F23844B18C1D}.Debug|Any CPU.Build.0 = Debug|Any CPU
		{C7C1B65C-1F52-310F-7189-F23844B18C1D}.Release|Any CPU.ActiveCfg = Release|Any CPU
		{C7C1B65C-1F52-310F-7189-F23844B18C1D}.Release|Any CPU.Build.0 = Release|Any CPU
	EndGlobalSection
	GlobalSection(SolutionProperties) = preSolution
		HideSolutionNode = FALSE
	EndGlobalSection
	GlobalSection(ExtensibilityGlobals) = postSolution
		SolutionGuid = {DA40F2F7-0B60-4286-901E-6CA71B1C3028}
	EndGlobalSection
EndGlobal
